
Microsoft Visual Studio Solution File, Format Version 12.00
# Visual Studio 14
VisualStudioVersion = 14.0.24720.0
MinimumVisualStudioVersion = 10.0.40219.1
Project("{FAE04EC0-301F-11D3-BF4B-00C04F79EFBC}") = "MailService.WebApi", "MailService.WebApi\MailService.WebApi.csproj", "{B5AD2D36-D36A-43AF-8E94-D3BA8552E2BB}"
EndProject
Project("{FAE04EC0-301F-11D3-BF4B-00C04F79EFBC}") = "MailService.Data", "MailService.Data\MailService.Data.csproj", "{ED364CE3-53EF-4F5A-8AE7-CC3A3C5EA8DD}"
EndProject
Project("{FAE04EC0-301F-11D3-BF4B-00C04F79EFBC}") = "MailService.Services", "MailService.Services\MailService.Services.csproj", "{CE324A29-D453-43F9-8023-7A37E6CAE05B}"
EndProject
Project("{FAE04EC0-301F-11D3-BF4B-00C04F79EFBC}") = "MailService.Cross.Model", "MailService.Cross.Model\MailService.Cross.Model.csproj", "{7F8049E6-E3F0-4904-8E3D-7B110D206220}"
EndProject
Global
	GlobalSection(SolutionConfigurationPlatforms) = preSolution
		Debug|Any CPU = Debug|Any CPU
		Release|Any CPU = Release|Any CPU
	EndGlobalSection
	GlobalSection(ProjectConfigurationPlatforms) = postSolution
		{B5AD2D36-D36A-43AF-8E94-D3BA8552E2BB}.Debug|Any CPU.ActiveCfg = Debug|Any CPU
		{B5AD2D36-D36A-43AF-8E94-D3BA8552E2BB}.Debug|Any CPU.Build.0 = Debug|Any CPU
		{B5AD2D36-D36A-43AF-8E94-D3BA8552E2BB}.Release|Any CPU.ActiveCfg = Release|Any CPU
		{B5AD2D36-D36A-43AF-8E94-D3BA8552E2BB}.Release|Any CPU.Build.0 = Release|Any CPU
		{ED364CE3-53EF-4F5A-8AE7-CC3A3C5EA8DD}.Debug|Any CPU.ActiveCfg = Debug|Any CPU
		{ED364CE3-53EF-4F5A-8AE7-CC3A3C5EA8DD}.Debug|Any CPU.Build.0 = Debug|Any CPU
		{ED364CE3-53EF-4F5A-8AE7-CC3A3C5EA8DD}.Release|Any CPU.ActiveCfg = Release|Any CPU
		{ED364CE3-53EF-4F5A-8AE7-CC3A3C5EA8DD}.Release|Any CPU.Build.0 = Release|Any CPU
		{CE324A29-D453-43F9-8023-7A37E6CAE05B}.Debug|Any CPU.ActiveCfg = Debug|Any CPU
		{CE324A29-D453-43F9-8023-7A37E6CAE05B}.Debug|Any CPU.Build.0 = Debug|Any CPU
		{CE324A29-D453-43F9-8023-7A37E6CAE05B}.Release|Any CPU.ActiveCfg = Release|Any CPU
		{CE324A29-D453-43F9-8023-7A37E6CAE05B}.Release|Any CPU.Build.0 = Release|Any CPU
		{7F8049E6-E3F0-4904-8E3D-7B110D206220}.Debug|Any CPU.ActiveCfg = Debug|Any CPU
		{7F8049E6-E3F0-4904-8E3D-7B110D206220}.Debug|Any CPU.Build.0 = Debug|Any CPU
		{7F8049E6-E3F0-4904-8E3D-7B110D206220}.Release|Any CPU.ActiveCfg = Release|Any CPU
		{7F8049E6-E3F0-4904-8E3D-7B110D206220}.Release|Any CPU.Build.0 = Release|Any CPU
	EndGlobalSection
	GlobalSection(SolutionProperties) = preSolution
		HideSolutionNode = FALSE
	EndGlobalSection
EndGlobal
